{
  "name": "gb.c",
  "version": "1.2021.2",
  "lockfileVersion": 3,
  "requires": true,
  "packages": {
    "": {
      "name": "gb.c",
      "version": "1.2021.2",
      "license": "CC0-1.0",
      "dependencies": {
        "stb.c": "^2.17.1"
      }
    },
    "node_modules/stb.c": {
      "version": "2.17.1",
      "resolved": "https://registry.npmjs.org/stb.c/-/stb.c-2.17.1.tgz",
      "integrity": "sha512-5vKooF/Ltq7fUQzzpj2ejoiKBwv5vSjngbrUBakrOgHyuLSyeaaZhLz/a+pAblcT0JIrUse/S000AF3BurW1Xw==",
      "license": "MIT"
    }
  }
}
